
Microsoft Visual Studio Solution File, Format Version 12.00
# Visual Studio Version 17
VisualStudioVersion = 17.5.33502.453
MinimumVisualStudioVersion = 10.0.40219.1
Project("{FAE04EC0-301F-11D3-BF4B-00C04F79EFBC}") = "weather-app-core", "weather-app-core.csproj", "{61AF0CE8-4E8E-460F-9340-2A8A108C2B97}"
EndProject
Global
	GlobalSection(SolutionConfigurationPlatforms) = preSolution
		Debug|Any CPU = Debug|Any CPU
		Release|Any CPU = Release|Any CPU
	EndGlobalSection
	GlobalSection(ProjectConfigurationPlatforms) = postSolution
		{61AF0CE8-4E8E-460F-9340-2A8A108C2B97}.Debug|Any CPU.ActiveCfg = Debug|Any CPU
		{61AF0CE8-4E8E-460F-9340-2A8A108C2B97}.Debug|Any CPU.Build.0 = Debug|Any CPU
		{61AF0CE8-4E8E-460F-9340-2A8A108C2B97}.Release|Any CPU.ActiveCfg = Release|Any CPU
		{61AF0CE8-4E8E-460F-9340-2A8A108C2B97}.Release|Any CPU.Build.0 = Release|Any CPU
	EndGlobalSection
	GlobalSection(SolutionProperties) = preSolution
		HideSolutionNode = FALSE
	EndGlobalSection
	GlobalSection(ExtensibilityGlobals) = postSolution
		SolutionGuid = {9A44ED75-B209-4623-B9F3-A373F89EFEA6}
	EndGlobalSection
EndGlobal
